// !$*UTF8*$!
{
	archiveVersion = 1;
	classes = {
	};
	objectVersion = 50;
	objects = {

/* Begin PBXBuildFile section */
		3530988E25810C6D0018BD38 /* AppDelegate.swift in Sources */ = {isa = PBXBuildFile; fileRef = 3530988D25810C6D0018BD38 /* AppDelegate.swift */; };
		3530989025810C6D0018BD38 /* SceneDelegate.swift in Sources */ = {isa = PBXBuildFile; fileRef = 3530988F25810C6D0018BD38 /* SceneDelegate.swift */; };
		3530989225810C6D0018BD38 /* UsersViewController.swift in Sources */ = {isa = PBXBuildFile; fileRef = 3530989125810C6D0018BD38 /* UsersViewController.swift */; };
		3530989525810C6D0018BD38 /* Main.storyboard in Resources */ = {isa = PBXBuildFile; fileRef = 3530989325810C6D0018BD38 /* Main.storyboard */; };
		3530989725810C6F0018BD38 /* Assets.xcassets in Resources */ = {isa = PBXBuildFile; fileRef = 3530989625810C6F0018BD38 /* Assets.xcassets */; };
		3530989A25810C6F0018BD38 /* LaunchScreen.storyboard in Resources */ = {isa = PBXBuildFile; fileRef = 3530989825810C6F0018BD38 /* LaunchScreen.storyboard */; };
		353098B52581AC590018BD38 /* ParameterEncoding.swift in Sources */ = {isa = PBXBuildFile; fileRef = 353098AA2581AC590018BD38 /* ParameterEncoding.swift */; };
		353098B62581AC590018BD38 /* URLParameterEncoder.swift in Sources */ = {isa = PBXBuildFile; fileRef = 353098AB2581AC590018BD38 /* URLParameterEncoder.swift */; };
		353098B72581AC590018BD38 /* JSONParameterEncoder.swift in Sources */ = {isa = PBXBuildFile; fileRef = 353098AC2581AC590018BD38 /* JSONParameterEncoder.swift */; };
		353098BA2581AC590018BD38 /* HTTPTask.swift in Sources */ = {isa = PBXBuildFile; fileRef = 353098B12581AC590018BD38 /* HTTPTask.swift */; };
		353098BB2581AC590018BD38 /* HTTPMethod.swift in Sources */ = {isa = PBXBuildFile; fileRef = 353098B22581AC590018BD38 /* HTTPMethod.swift */; };
		353098BC2581AC590018BD38 /* Router.swift in Sources */ = {isa = PBXBuildFile; fileRef = 353098B32581AC590018BD38 /* Router.swift */; };
		353098BD2581AC590018BD38 /* EndPointType.swift in Sources */ = {isa = PBXBuildFile; fileRef = 353098B42581AC590018BD38 /* EndPointType.swift */; };
		353098C12581ACF10018BD38 /* UserEndPoint.swift in Sources */ = {isa = PBXBuildFile; fileRef = 353098C02581ACF10018BD38 /* UserEndPoint.swift */; };
		353098C82581AE370018BD38 /* UserViewModel.swift in Sources */ = {isa = PBXBuildFile; fileRef = 353098C72581AE370018BD38 /* UserViewModel.swift */; };
		353098CC2581AE820018BD38 /* User.swift in Sources */ = {isa = PBXBuildFile; fileRef = 353098CB2581AE820018BD38 /* User.swift */; };
		35B2816D2581B95C0026B01F /* UserTableViewCell.swift in Sources */ = {isa = PBXBuildFile; fileRef = 35B2816C2581B95C0026B01F /* UserTableViewCell.swift */; };
		41CFC0A5F5EDA6B3B29DB0BA /* Pods_GitHubUser.framework in Frameworks */ = {isa = PBXBuildFile; fileRef = DEDE6BF44EC2F3ABBF7DF449 /* Pods_GitHubUser.framework */; };
/* End PBXBuildFile section */

/* Begin PBXFileReference section */
		3530988A25810C6D0018BD38 /* GitHubUser.app */ = {isa = PBXFileReference; explicitFileType = wrapper.application; includeInIndex = 0; path = GitHubUser.app; sourceTree = BUILT_PRODUCTS_DIR; };
		3530988D25810C6D0018BD38 /* AppDelegate.swift */ = {isa = PBXFileReference; lastKnownFileType = sourcecode.swift; path = AppDelegate.swift; sourceTree = "<group>"; };
		3530988F25810C6D0018BD38 /* SceneDelegate.swift */ = {isa = PBXFileReference; lastKnownFileType = sourcecode.swift; path = SceneDelegate.swift; sourceTree = "<group>"; };
		3530989125810C6D0018BD38 /* UsersViewController.swift */ = {isa = PBXFileReference; lastKnownFileType = sourcecode.swift; path = UsersViewController.swift; sourceTree = "<group>"; };
		3530989425810C6D0018BD38 /* Base */ = {isa = PBXFileReference; lastKnownFileType = file.storyboard; name = Base; path = Base.lproj/Main.storyboard; sourceTree = "<group>"; };
		3530989625810C6F0018BD38 /* Assets.xcassets */ = {isa = PBXFileReference; lastKnownFileType = folder.assetcatalog; path = Assets.xcassets; sourceTree = "<group>"; };
		3530989925810C6F0018BD38 /* Base */ = {isa = PBXFileReference; lastKnownFileType = file.storyboard; name = Base; path = Base.lproj/LaunchScreen.storyboard; sourceTree = "<group>"; };
		3530989B25810C6F0018BD38 /* Info.plist */ = {isa = PBXFileReference; lastKnownFileType = text.plist.xml; path = Info.plist; sourceTree = "<group>"; };
		353098AA2581AC590018BD38 /* ParameterEncoding.swift */ = {isa = PBXFileReference; fileEncoding = 4; lastKnownFileType = sourcecode.swift; path = ParameterEncoding.swift; sourceTree = "<group>"; };
		353098AB2581AC590018BD38 /* URLParameterEncoder.swift */ = {isa = PBXFileReference; fileEncoding = 4; lastKnownFileType = sourcecode.swift; path = URLParameterEncoder.swift; sourceTree = "<group>"; };
		353098AC2581AC590018BD38 /* JSONParameterEncoder.swift */ = {isa = PBXFileReference; fileEncoding = 4; lastKnownFileType = sourcecode.swift; path = JSONParameterEncoder.swift; sourceTree = "<group>"; };
		353098B12581AC590018BD38 /* HTTPTask.swift */ = {isa = PBXFileReference; fileEncoding = 4; lastKnownFileType = sourcecode.swift; path = HTTPTask.swift; sourceTree = "<group>"; };
		353098B22581AC590018BD38 /* HTTPMethod.swift */ = {isa = PBXFileReference; fileEncoding = 4; lastKnownFileType = sourcecode.swift; path = HTTPMethod.swift; sourceTree = "<group>"; };
		353098B32581AC590018BD38 /* Router.swift */ = {isa = PBXFileReference; fileEncoding = 4; lastKnownFileType = sourcecode.swift; path = Router.swift; sourceTree = "<group>"; };
		353098B42581AC590018BD38 /* EndPointType.swift */ = {isa = PBXFileReference; fileEncoding = 4; lastKnownFileType = sourcecode.swift; path = EndPointType.swift; sourceTree = "<group>"; };
		353098C02581ACF10018BD38 /* UserEndPoint.swift */ = {isa = PBXFileReference; lastKnownFileType = sourcecode.swift; path = UserEndPoint.swift; sourceTree = "<group>"; };
		353098C72581AE370018BD38 /* UserViewModel.swift */ = {isa = PBXFileReference; lastKnownFileType = sourcecode.swift; path = UserViewModel.swift; sourceTree = "<group>"; };
		353098CB2581AE820018BD38 /* User.swift */ = {isa = PBXFileReference; lastKnownFileType = sourcecode.swift; path = User.swift; sourceTree = "<group>"; };
		35B2816C2581B95C0026B01F /* UserTableViewCell.swift */ = {isa = PBXFileReference; lastKnownFileType = sourcecode.swift; path = UserTableViewCell.swift; sourceTree = "<group>"; };
		77E08FD1B4CFC16C5BA91A9A /* Pods-GitHubUser.release.xcconfig */ = {isa = PBXFileReference; includeInIndex = 1; lastKnownFileType = text.xcconfig; name = "Pods-GitHubUser.release.xcconfig"; path = "Target Support Files/Pods-GitHubUser/Pods-GitHubUser.release.xcconfig"; sourceTree = "<group>"; };
		7B62DF69ADD484DD702AD96B /* Pods-GitHubUser.debug.xcconfig */ = {isa = PBXFileReference; includeInIndex = 1; lastKnownFileType = text.xcconfig; name = "Pods-GitHubUser.debug.xcconfig"; path = "Target Support Files/Pods-GitHubUser/Pods-GitHubUser.debug.xcconfig"; sourceTree = "<group>"; };
		DEDE6BF44EC2F3ABBF7DF449 /* Pods_GitHubUser.framework */ = {isa = PBXFileReference; explicitFileType = wrapper.framework; includeInIndex = 0; path = Pods_GitHubUser.framework; sourceTree = BUILT_PRODUCTS_DIR; };
/* End PBXFileReference section */

/* Begin PBXFrameworksBuildPhase section */
		3530988725810C6D0018BD38 /* Frameworks */ = {
			isa = PBXFrameworksBuildPhase;
			buildActionMask = 2147483647;
			files = (
				41CFC0A5F5EDA6B3B29DB0BA /* Pods_GitHubUser.framework in Frameworks */,
			);
			runOnlyForDeploymentPostprocessing = 0;
		};
/* End PBXFrameworksBuildPhase section */

/* Begin PBXGroup section */
		1E5F1DFCB6D5C5219F05EAB9 /* Pods */ = {
			isa = PBXGroup;
			children = (
				7B62DF69ADD484DD702AD96B /* Pods-GitHubUser.debug.xcconfig */,
				77E08FD1B4CFC16C5BA91A9A /* Pods-GitHubUser.release.xcconfig */,
			);
			name = Pods;
			path = Pods;
			sourceTree = "<group>";
		};
		3530988125810C6D0018BD38 = {
			isa = PBXGroup;
			children = (
				3530988C25810C6D0018BD38 /* GitHubUser */,
				3530988B25810C6D0018BD38 /* Products */,
				1E5F1DFCB6D5C5219F05EAB9 /* Pods */,
				BD60D02A5CC2C36683DD42E3 /* Frameworks */,
			);
			sourceTree = "<group>";
		};
		3530988B25810C6D0018BD38 /* Products */ = {
			isa = PBXGroup;
			children = (
				3530988A25810C6D0018BD38 /* GitHubUser.app */,
			);
			name = Products;
			sourceTree = "<group>";
		};
		3530988C25810C6D0018BD38 /* GitHubUser */ = {
			isa = PBXGroup;
			children = (
				353098A52581ABFC0018BD38 /* View */,
				353098A62581AC070018BD38 /* Controller */,
				353098A72581AC110018BD38 /* ViewModel */,
				353098CA2581AE740018BD38 /* Model */,
				353098A82581AC590018BD38 /* NetworkLayer */,
				353098A22581ABC20018BD38 /* Supporting Files */,
			);
			path = GitHubUser;
			sourceTree = "<group>";
		};
		353098A22581ABC20018BD38 /* Supporting Files */ = {
			isa = PBXGroup;
			children = (
				3530988D25810C6D0018BD38 /* AppDelegate.swift */,
				3530988F25810C6D0018BD38 /* SceneDelegate.swift */,
				3530989625810C6F0018BD38 /* Assets.xcassets */,
				3530989825810C6F0018BD38 /* LaunchScreen.storyboard */,
				3530989B25810C6F0018BD38 /* Info.plist */,
			);
			path = "Supporting Files";
			sourceTree = "<group>";
		};
		353098A52581ABFC0018BD38 /* View */ = {
			isa = PBXGroup;
			children = (
				3530989325810C6D0018BD38 /* Main.storyboard */,
				35B2816C2581B95C0026B01F /* UserTableViewCell.swift */,
			);
			path = View;
			sourceTree = "<group>";
		};
		353098A62581AC070018BD38 /* Controller */ = {
			isa = PBXGroup;
			children = (
				3530989125810C6D0018BD38 /* UsersViewController.swift */,
			);
			path = Controller;
			sourceTree = "<group>";
		};
		353098A72581AC110018BD38 /* ViewModel */ = {
			isa = PBXGroup;
			children = (
				353098C72581AE370018BD38 /* UserViewModel.swift */,
			);
			path = ViewModel;
			sourceTree = "<group>";
		};
		353098A82581AC590018BD38 /* NetworkLayer */ = {
			isa = PBXGroup;
			children = (
				353098A92581AC590018BD38 /* Encoding */,
				353098AD2581AC590018BD38 /* EndPoint */,
				353098B02581AC590018BD38 /* Services */,
			);
			path = NetworkLayer;
			sourceTree = "<group>";
		};
		353098A92581AC590018BD38 /* Encoding */ = {
			isa = PBXGroup;
			children = (
				353098AA2581AC590018BD38 /* ParameterEncoding.swift */,
				353098AB2581AC590018BD38 /* URLParameterEncoder.swift */,
				353098AC2581AC590018BD38 /* JSONParameterEncoder.swift */,
			);
			path = Encoding;
			sourceTree = "<group>";
		};
		353098AD2581AC590018BD38 /* EndPoint */ = {
			isa = PBXGroup;
			children = (
				353098C02581ACF10018BD38 /* UserEndPoint.swift */,
			);
			path = EndPoint;
			sourceTree = "<group>";
		};
		353098B02581AC590018BD38 /* Services */ = {
			isa = PBXGroup;
			children = (
				353098B12581AC590018BD38 /* HTTPTask.swift */,
				353098B22581AC590018BD38 /* HTTPMethod.swift */,
				353098B32581AC590018BD38 /* Router.swift */,
				353098B42581AC590018BD38 /* EndPointType.swift */,
			);
			path = Services;
			sourceTree = "<group>";
		};
		353098CA2581AE740018BD38 /* Model */ = {
			isa = PBXGroup;
			children = (
				353098CB2581AE820018BD38 /* User.swift */,
			);
			path = Model;
			sourceTree = "<group>";
		};
		BD60D02A5CC2C36683DD42E3 /* Frameworks */ = {
			isa = PBXGroup;
			children = (
				DEDE6BF44EC2F3ABBF7DF449 /* Pods_GitHubUser.framework */,
			);
			name = Frameworks;
			sourceTree = "<group>";
		};
/* End PBXGroup section */

/* Begin PBXNativeTarget section */
		3530988925810C6D0018BD38 /* GitHubUser */ = {
			isa = PBXNativeTarget;
			buildConfigurationList = 3530989E25810C6F0018BD38 /* Build configuration list for PBXNativeTarget "GitHubUser" */;
			buildPhases = (
				DFA3C4B567E610001CFA3936 /* [CP] Check Pods Manifest.lock */,
				3530988625810C6D0018BD38 /* Sources */,
				3530988725810C6D0018BD38 /* Frameworks */,
				3530988825810C6D0018BD38 /* Resources */,
				461C4EF9E53F9A147EE4F771 /* [CP] Embed Pods Frameworks */,
			);
			buildRules = (
			);
			dependencies = (
			);
			name = GitHubUser;
			productName = GitHubUser;
			productReference = 3530988A25810C6D0018BD38 /* GitHubUser.app */;
			productType = "com.apple.product-type.application";
		};
/* End PBXNativeTarget section */

/* Begin PBXProject section */
		3530988225810C6D0018BD38 /* Project object */ = {
			isa = PBXProject;
			attributes = {
				LastSwiftUpdateCheck = 1200;
				LastUpgradeCheck = 1200;
				TargetAttributes = {
					3530988925810C6D0018BD38 = {
						CreatedOnToolsVersion = 12.0;
					};
				};
			};
			buildConfigurationList = 3530988525810C6D0018BD38 /* Build configuration list for PBXProject "GitHubUser" */;
			compatibilityVersion = "Xcode 9.3";
			developmentRegion = en;
			hasScannedForEncodings = 0;
			knownRegions = (
				en,
				Base,
			);
			mainGroup = 3530988125810C6D0018BD38;
			productRefGroup = 3530988B25810C6D0018BD38 /* Products */;
			projectDirPath = "";
			projectRoot = "";
			targets = (
				3530988925810C6D0018BD38 /* GitHubUser */,
			);
		};
/* End PBXProject section */

/* Begin PBXResourcesBuildPhase section */
		3530988825810C6D0018BD38 /* Resources */ = {
			isa = PBXResourcesBuildPhase;
			buildActionMask = 2147483647;
			files = (
				3530989A25810C6F0018BD38 /* LaunchScreen.storyboard in Resources */,
				3530989725810C6F0018BD38 /* Assets.xcassets in Resources */,
				3530989525810C6D0018BD38 /* Main.storyboard in Resources */,
			);
			runOnlyForDeploymentPostprocessing = 0;
		};
/* End PBXResourcesBuildPhase section */

/* Begin PBXShellScriptBuildPhase section */
		461C4EF9E53F9A147EE4F771 /* [CP] Embed Pods Frameworks */ = {
			isa = PBXShellScriptBuildPhase;
			buildActionMask = 2147483647;
			files = (
			);
			inputFileListPaths = (
				"${PODS_ROOT}/Target Support Files/Pods-GitHubUser/Pods-GitHubUser-frameworks-${CONFIGURATION}-input-files.xcfilelist",
			);
			name = "[CP] Embed Pods Frameworks";
			outputFileListPaths = (
				"${PODS_ROOT}/Target Support Files/Pods-GitHubUser/Pods-GitHubUser-frameworks-${CONFIGURATION}-output-files.xcfilelist",
			);
			runOnlyForDeploymentPostprocessing = 0;
			shellPath = /bin/sh;
			shellScript = "\"${PODS_ROOT}/Target Support Files/Pods-GitHubUser/Pods-GitHubUser-frameworks.sh\"\n";
			showEnvVarsInLog = 0;
		};
		DFA3C4B567E610001CFA3936 /* [CP] Check Pods Manifest.lock */ = {
			isa = PBXShellScriptBuildPhase;
			buildActionMask = 2147483647;
			files = (
			);
			inputFileListPaths = (
			);
			inputPaths = (
				"${PODS_PODFILE_DIR_PATH}/Podfile.lock",
				"${PODS_ROOT}/Manifest.lock",
			);
			name = "[CP] Check Pods Manifest.lock";
			outputFileListPaths = (
			);
			outputPaths = (
				"$(DERIVED_FILE_DIR)/Pods-GitHubUser-checkManifestLockResult.txt",
			);
			runOnlyForDeploymentPostprocessing = 0;
			shellPath = /bin/sh;
			shellScript = "diff \"${PODS_PODFILE_DIR_PATH}/Podfile.lock\" \"${PODS_ROOT}/Manifest.lock\" > /dev/null\nif [ $? != 0 ] ; then\n    # print error to STDERR\n    echo \"error: The sandbox is not in sync with the Podfile.lock. Run 'pod install' or update your CocoaPods installation.\" >&2\n    exit 1\nfi\n# This output is used by Xcode 'outputs' to avoid re-running this script phase.\necho \"SUCCESS\" > \"${SCRIPT_OUTPUT_FILE_0}\"\n";
			showEnvVarsInLog = 0;
		};
/* End PBXShellScriptBuildPhase section */

/* Begin PBXSourcesBuildPhase section */
		3530988625810C6D0018BD38 /* Sources */ = {
			isa = PBXSourcesBuildPhase;
			buildActionMask = 2147483647;
			files = (
				353098CC2581AE820018BD38 /* User.swift in Sources */,
				353098BC2581AC590018BD38 /* Router.swift in Sources */,
				35B2816D2581B95C0026B01F /* UserTableViewCell.swift in Sources */,
				353098C82581AE370018BD38 /* UserViewModel.swift in Sources */,
				3530989225810C6D0018BD38 /* UsersViewController.swift in Sources */,
				3530988E25810C6D0018BD38 /* AppDelegate.swift in Sources */,
				353098BA2581AC590018BD38 /* HTTPTask.swift in Sources */,
				353098B72581AC590018BD38 /* JSONParameterEncoder.swift in Sources */,
				353098B52581AC590018BD38 /* ParameterEncoding.swift in Sources */,
				353098B62581AC590018BD38 /* URLParameterEncoder.swift in Sources */,
				353098BD2581AC590018BD38 /* EndPointType.swift in Sources */,
				353098BB2581AC590018BD38 /* HTTPMethod.swift in Sources */,
				3530989025810C6D0018BD38 /* SceneDelegate.swift in Sources */,
				353098C12581ACF10018BD38 /* UserEndPoint.swift in Sources */,
			);
			runOnlyForDeploymentPostprocessing = 0;
		};
/* End PBXSourcesBuildPhase section */

/* Begin PBXVariantGroup section */
		3530989325810C6D0018BD38 /* Main.storyboard */ = {
			isa = PBXVariantGroup;
			children = (
				3530989425810C6D0018BD38 /* Base */,
			);
			name = Main.storyboard;
			sourceTree = "<group>";
		};
		3530989825810C6F0018BD38 /* LaunchScreen.storyboard */ = {
			isa = PBXVariantGroup;
			children = (
				3530989925810C6F0018BD38 /* Base */,
			);
			name = LaunchScreen.storyboard;
			sourceTree = "<group>";
		};
/* End PBXVariantGroup section */

/* Begin XCBuildConfiguration section */
		3530989C25810C6F0018BD38 /* Debug */ = {
			isa = XCBuildConfiguration;
			buildSettings = {
				ALWAYS_SEARCH_USER_PATHS = NO;
				CLANG_ANALYZER_NONNULL = YES;
				CLANG_ANALYZER_NUMBER_OBJECT_CONVERSION = YES_AGGRESSIVE;
				CLANG_CXX_LANGUAGE_STANDARD = "gnu++14";
				CLANG_CXX_LIBRARY = "libc++";
				CLANG_ENABLE_MODULES = YES;
				CLANG_ENABLE_OBJC_ARC = YES;
				CLANG_ENABLE_OBJC_WEAK = YES;
				CLANG_WARN_BLOCK_CAPTURE_AUTORELEASING = YES;
				CLANG_WARN_BOOL_CONVERSION = YES;
				CLANG_WARN_COMMA = YES;
				CLANG_WARN_CONSTANT_CONVERSION = YES;
				CLANG_WARN_DEPRECATED_OBJC_IMPLEMENTATIONS = YES;
				CLANG_WARN_DIRECT_OBJC_ISA_USAGE = YES_ERROR;
				CLANG_WARN_DOCUMENTATION_COMMENTS = YES;
				CLANG_WARN_EMPTY_BODY = YES;
				CLANG_WARN_ENUM_CONVERSION = YES;
				CLANG_WARN_INFINITE_RECURSION = YES;
				CLANG_WARN_INT_CONVERSION = YES;
				CLANG_WARN_NON_LITERAL_NULL_CONVERSION = YES;
				CLANG_WARN_OBJC_IMPLICIT_RETAIN_SELF = YES;
				CLANG_WARN_OBJC_LITERAL_CONVERSION = YES;
				CLANG_WARN_OBJC_ROOT_CLASS = YES_ERROR;
				CLANG_WARN_QUOTED_INCLUDE_IN_FRAMEWORK_HEADER = YES;
				CLANG_WARN_RANGE_LOOP_ANALYSIS = YES;
				CLANG_WARN_STRICT_PROTOTYPES = YES;
				CLANG_WARN_SUSPICIOUS_MOVE = YES;
				CLANG_WARN_UNGUARDED_AVAILABILITY = YES_AGGRESSIVE;
				CLANG_WARN_UNREACHABLE_CODE = YES;
				CLANG_WARN__DUPLICATE_METHOD_MATCH = YES;
				COPY_PHASE_STRIP = NO;
				DEBUG_INFORMATION_FORMAT = dwarf;
				ENABLE_STRICT_OBJC_MSGSEND = YES;
				ENABLE_TESTABILITY = YES;
				GCC_C_LANGUAGE_STANDARD = gnu11;
				GCC_DYNAMIC_NO_PIC = NO;
				GCC_NO_COMMON_BLOCKS = YES;
				GCC_OPTIMIZATION_LEVEL = 0;
				GCC_PREPROCESSOR_DEFINITIONS = (
					"DEBUG=1",
					"$(inherited)",
				);
				GCC_WARN_64_TO_32_BIT_CONVERSION = YES;
				GCC_WARN_ABOUT_RETURN_TYPE = YES_ERROR;
				GCC_WARN_UNDECLARED_SELECTOR = YES;
				GCC_WARN_UNINITIALIZED_AUTOS = YES_AGGRESSIVE;
				GCC_WARN_UNUSED_FUNCTION = YES;
				GCC_WARN_UNUSED_VARIABLE = YES;
				IPHONEOS_DEPLOYMENT_TARGET = 14.0;
				MTL_ENABLE_DEBUG_INFO = INCLUDE_SOURCE;
				MTL_FAST_MATH = YES;
				ONLY_ACTIVE_ARCH = YES;
				SDKROOT = iphoneos;
				SWIFT_ACTIVE_COMPILATION_CONDITIONS = DEBUG;
				SWIFT_OPTIMIZATION_LEVEL = "-Onone";
			};
			name = Debug;
		};
		3530989D25810C6F0018BD38 /* Release */ = {
			isa = XCBuildConfiguration;
			buildSettings = {
				ALWAYS_SEARCH_USER_PATHS = NO;
				CLANG_ANALYZER_NONNULL = YES;
				CLANG_ANALYZER_NUMBER_OBJECT_CONVERSION = YES_AGGRESSIVE;
				CLANG_CXX_LANGUAGE_STANDARD = "gnu++14";
				CLANG_CXX_LIBRARY = "libc++";
				CLANG_ENABLE_MODULES = YES;
				CLANG_ENABLE_OBJC_ARC = YES;
				CLANG_ENABLE_OBJC_WEAK = YES;
				CLANG_WARN_BLOCK_CAPTURE_AUTORELEASING = YES;
				CLANG_WARN_BOOL_CONVERSION = YES;
				CLANG_WARN_COMMA = YES;
				CLANG_WARN_CONSTANT_CONVERSION = YES;
				CLANG_WARN_DEPRECATED_OBJC_IMPLEMENTATIONS = YES;
				CLANG_WARN_DIRECT_OBJC_ISA_USAGE = YES_ERROR;
				CLANG_WARN_DOCUMENTATION_COMMENTS = YES;
				CLANG_WARN_EMPTY_BODY = YES;
				CLANG_WARN_ENUM_CONVERSION = YES;
				CLANG_WARN_INFINITE_RECURSION = YES;
				CLANG_WARN_INT_CONVERSION = YES;
				CLANG_WARN_NON_LITERAL_NULL_CONVERSION = YES;
				CLANG_WARN_OBJC_IMPLICIT_RETAIN_SELF = YES;
				CLANG_WARN_OBJC_LITERAL_CONVERSION = YES;
				CLANG_WARN_OBJC_ROOT_CLASS = YES_ERROR;
				CLANG_WARN_QUOTED_INCLUDE_IN_FRAMEWORK_HEADER = YES;
				CLANG_WARN_RANGE_LOOP_ANALYSIS = YES;
				CLANG_WARN_STRICT_PROTOTYPES = YES;
				CLANG_WARN_SUSPICIOUS_MOVE = YES;
				CLANG_WARN_UNGUARDED_AVAILABILITY = YES_AGGRESSIVE;
				CLANG_WARN_UNREACHABLE_CODE = YES;
				CLANG_WARN__DUPLICATE_METHOD_MATCH = YES;
				COPY_PHASE_STRIP = NO;
				DEBUG_INFORMATION_FORMAT = "dwarf-with-dsym";
				ENABLE_NS_ASSERTIONS = NO;
				ENABLE_STRICT_OBJC_MSGSEND = YES;
				GCC_C_LANGUAGE_STANDARD = gnu11;
				GCC_NO_COMMON_BLOCKS = YES;
				GCC_WARN_64_TO_32_BIT_CONVERSION = YES;
				GCC_WARN_ABOUT_RETURN_TYPE = YES_ERROR;
				GCC_WARN_UNDECLARED_SELECTOR = YES;
				GCC_WARN_UNINITIALIZED_AUTOS = YES_AGGRESSIVE;
				GCC_WARN_UNUSED_FUNCTION = YES;
				GCC_WARN_UNUSED_VARIABLE = YES;
				IPHONEOS_DEPLOYMENT_TARGET = 14.0;
				MTL_ENABLE_DEBUG_INFO = NO;
				MTL_FAST_MATH = YES;
				SDKROOT = iphoneos;
				SWIFT_COMPILATION_MODE = wholemodule;
				SWIFT_OPTIMIZATION_LEVEL = "-O";
				VALIDATE_PRODUCT = YES;
			};
			name = Release;
		};
		3530989F25810C6F0018BD38 /* Debug */ = {
			isa = XCBuildConfiguration;
			baseConfigurationReference = 7B62DF69ADD484DD702AD96B /* Pods-GitHubUser.debug.xcconfig */;
			buildSettings = {
				ASSETCATALOG_COMPILER_APPICON_NAME = AppIcon;
				ASSETCATALOG_COMPILER_GLOBAL_ACCENT_COLOR_NAME = AccentColor;
				CODE_SIGN_STYLE = Automatic;
				DEVELOPMENT_TEAM = 82RMH3R82L;
				INFOPLIST_FILE = "GitHubUser/Supporting FIles/Info.plist";
				LD_RUNPATH_SEARCH_PATHS = (
					"$(inherited)",
					"@executable_path/Frameworks",
				);
				PRODUCT_BUNDLE_IDENTIFIER = com.home.work.GitHubUser;
				PRODUCT_NAME = "$(TARGET_NAME)";
				SWIFT_VERSION = 5.0;
				TARGETED_DEVICE_FAMILY = 1;
			};
			name = Debug;
		};
		353098A025810C6F0018BD38 /* Release */ = {
			isa = XCBuildConfiguration;
			baseConfigurationReference = 77E08FD1B4CFC16C5BA91A9A /* Pods-GitHubUser.release.xcconfig */;
			buildSettings = {
				ASSETCATALOG_COMPILER_APPICON_NAME = AppIcon;
				ASSETCATALOG_COMPILER_GLOBAL_ACCENT_COLOR_NAME = AccentColor;
				CODE_SIGN_STYLE = Automatic;
				DEVELOPMENT_TEAM = 82RMH3R82L;
				INFOPLIST_FILE = "GitHubUser/Supporting FIles/Info.plist";
				LD_RUNPATH_SEARCH_PATHS = (
					"$(inherited)",
					"@executable_path/Frameworks",
				);
				PRODUCT_BUNDLE_IDENTIFIER = com.home.work.GitHubUser;
				PRODUCT_NAME = "$(TARGET_NAME)";
				SWIFT_VERSION = 5.0;
				TARGETED_DEVICE_FAMILY = 1;
			};
			name = Release;
		};
/* End XCBuildConfiguration section */

/* Begin XCConfigurationList section */
		3530988525810C6D0018BD38 /* Build configuration list for PBXProject "GitHubUser" */ = {
			isa = XCConfigurationList;
			buildConfigurations = (
				3530989C25810C6F0018BD38 /* Debug */,
				3530989D25810C6F0018BD38 /* Release */,
			);
			defaultConfigurationIsVisible = 0;
			defaultConfigurationName = Release;
		};
		3530989E25810C6F0018BD38 /* Build configuration list for PBXNativeTarget "GitHubUser" */ = {
			isa = XCConfigurationList;
			buildConfigurations = (
				3530989F25810C6F0018BD38 /* Debug */,
				353098A025810C6F0018BD38 /* Release */,
			);
			defaultConfigurationIsVisible = 0;
			defaultConfigurationName = Release;
		};
/* End XCConfigurationList section */
	};
	rootObject = 3530988225810C6D0018BD38 /* Project object */;
}
